
Microsoft Visual Studio Solution File, Format Version 12.00
# Visual Studio Version 17
VisualStudioVersion = 17.8.34309.116
MinimumVisualStudioVersion = 10.0.40219.1
Project("{9A19103F-16F7-4668-BE54-9A1E7A4F7556}") = "Contracts", "src\Contracts\Contracts.csproj", "{7212C35A-D22D-4840-874D-D1EAF712EF3C}"
EndProject
Project("{9A19103F-16F7-4668-BE54-9A1E7A4F7556}") = "Contacts.Test", "tests\Contacts.Test\Contacts.Test.csproj", "{C724CF16-4F02-498F-B9FE-8AECAEB3DD01}"
EndProject
Project("{FAE04EC0-301F-11D3-BF4B-00C04F79EFBC}") = "WebApi", "src\WebApi\WebApi.csproj", "{9CAD3AD4-8B17-45D5-912A-8FF87FE564F7}"
EndProject
Global
	GlobalSection(SolutionConfigurationPlatforms) = preSolution
		Debug|Any CPU = Debug|Any CPU
		Release|Any CPU = Release|Any CPU
	EndGlobalSection
	GlobalSection(ProjectConfigurationPlatforms) = postSolution
		{7212C35A-D22D-4840-874D-D1EAF712EF3C}.Debug|Any CPU.ActiveCfg = Debug|Any CPU
		{7212C35A-D22D-4840-874D-D1EAF712EF3C}.Debug|Any CPU.Build.0 = Debug|Any CPU
		{7212C35A-D22D-4840-874D-D1EAF712EF3C}.Release|Any CPU.ActiveCfg = Release|Any CPU
		{7212C35A-D22D-4840-874D-D1EAF712EF3C}.Release|Any CPU.Build.0 = Release|Any CPU
		{C724CF16-4F02-498F-B9FE-8AECAEB3DD01}.Debug|Any CPU.ActiveCfg = Debug|Any CPU
		{C724CF16-4F02-498F-B9FE-8AECAEB3DD01}.Debug|Any CPU.Build.0 = Debug|Any CPU
		{C724CF16-4F02-498F-B9FE-8AECAEB3DD01}.Release|Any CPU.ActiveCfg = Release|Any CPU
		{C724CF16-4F02-498F-B9FE-8AECAEB3DD01}.Release|Any CPU.Build.0 = Release|Any CPU
		{9CAD3AD4-8B17-45D5-912A-8FF87FE564F7}.Debug|Any CPU.ActiveCfg = Debug|Any CPU
		{9CAD3AD4-8B17-45D5-912A-8FF87FE564F7}.Debug|Any CPU.Build.0 = Debug|Any CPU
		{9CAD3AD4-8B17-45D5-912A-8FF87FE564F7}.Release|Any CPU.ActiveCfg = Release|Any CPU
		{9CAD3AD4-8B17-45D5-912A-8FF87FE564F7}.Release|Any CPU.Build.0 = Release|Any CPU
	EndGlobalSection
	GlobalSection(SolutionProperties) = preSolution
		HideSolutionNode = FALSE
	EndGlobalSection
	GlobalSection(ExtensibilityGlobals) = postSolution
		SolutionGuid = {EE3488D4-DA81-4BB5-945F-DA92A117CF06}
	EndGlobalSection
EndGlobal
